
Microsoft Visual Studio Solution File, Format Version 12.00
# Visual Studio Version 16
VisualStudioVersion = 16.6.30114.105
MinimumVisualStudioVersion = 10.0.40219.1
Project("{FAE04EC0-301F-11D3-BF4B-00C04F79EFBC}") = "api", "api\api.csproj", "{4EC5E2AC-1ED6-4AD9-A884-C52AF7979B74}"
EndProject
Project("{FAE04EC0-301F-11D3-BF4B-00C04F79EFBC}") = "application", "application\application.csproj", "{3350E8E7-48EA-44B1-8C7A-4B3C417BC8F8}"
EndProject
Project("{FAE04EC0-301F-11D3-BF4B-00C04F79EFBC}") = "domain", "domain\domain.csproj", "{E5CF4278-930E-4C59-A66F-DC29BA66CD1F}"
EndProject
Project("{FAE04EC0-301F-11D3-BF4B-00C04F79EFBC}") = "pagination", "pagination\pagination.csproj", "{47FC1EC6-E933-428E-AAD4-40364FA5A5A4}"
EndProject
Project("{FAE04EC0-301F-11D3-BF4B-00C04F79EFBC}") = "repository", "repository\repository.csproj", "{102C604F-3E83-4900-8C0A-615B248C5168}"
EndProject
Project("{FAE04EC0-301F-11D3-BF4B-00C04F79EFBC}") = "unitofwork", "unitofwork\unitofwork.csproj", "{A93202C6-4658-4A8B-B950-E870FE2CC8DC}"
EndProject
Global
	GlobalSection(SolutionConfigurationPlatforms) = preSolution
		Debug|Any CPU = Debug|Any CPU
		Debug|x64 = Debug|x64
		Debug|x86 = Debug|x86
		Release|Any CPU = Release|Any CPU
		Release|x64 = Release|x64
		Release|x86 = Release|x86
	EndGlobalSection
	GlobalSection(SolutionProperties) = preSolution
		HideSolutionNode = FALSE
	EndGlobalSection
	GlobalSection(ProjectConfigurationPlatforms) = postSolution
		{4EC5E2AC-1ED6-4AD9-A884-C52AF7979B74}.Debug|Any CPU.ActiveCfg = Debug|Any CPU
		{4EC5E2AC-1ED6-4AD9-A884-C52AF7979B74}.Debug|Any CPU.Build.0 = Debug|Any CPU
		{4EC5E2AC-1ED6-4AD9-A884-C52AF7979B74}.Debug|x64.ActiveCfg = Debug|Any CPU
		{4EC5E2AC-1ED6-4AD9-A884-C52AF7979B74}.Debug|x64.Build.0 = Debug|Any CPU
		{4EC5E2AC-1ED6-4AD9-A884-C52AF7979B74}.Debug|x86.ActiveCfg = Debug|Any CPU
		{4EC5E2AC-1ED6-4AD9-A884-C52AF7979B74}.Debug|x86.Build.0 = Debug|Any CPU
		{4EC5E2AC-1ED6-4AD9-A884-C52AF7979B74}.Release|Any CPU.ActiveCfg = Release|Any CPU
		{4EC5E2AC-1ED6-4AD9-A884-C52AF7979B74}.Release|Any CPU.Build.0 = Release|Any CPU
		{4EC5E2AC-1ED6-4AD9-A884-C52AF7979B74}.Release|x64.ActiveCfg = Release|Any CPU
		{4EC5E2AC-1ED6-4AD9-A884-C52AF7979B74}.Release|x64.Build.0 = Release|Any CPU
		{4EC5E2AC-1ED6-4AD9-A884-C52AF7979B74}.Release|x86.ActiveCfg = Release|Any CPU
		{4EC5E2AC-1ED6-4AD9-A884-C52AF7979B74}.Release|x86.Build.0 = Release|Any CPU
		{3350E8E7-48EA-44B1-8C7A-4B3C417BC8F8}.Debug|Any CPU.ActiveCfg = Debug|Any CPU
		{3350E8E7-48EA-44B1-8C7A-4B3C417BC8F8}.Debug|Any CPU.Build.0 = Debug|Any CPU
		{3350E8E7-48EA-44B1-8C7A-4B3C417BC8F8}.Debug|x64.ActiveCfg = Debug|Any CPU
		{3350E8E7-48EA-44B1-8C7A-4B3C417BC8F8}.Debug|x64.Build.0 = Debug|Any CPU
		{3350E8E7-48EA-44B1-8C7A-4B3C417BC8F8}.Debug|x86.ActiveCfg = Debug|Any CPU
		{3350E8E7-48EA-44B1-8C7A-4B3C417BC8F8}.Debug|x86.Build.0 = Debug|Any CPU
		{3350E8E7-48EA-44B1-8C7A-4B3C417BC8F8}.Release|Any CPU.ActiveCfg = Release|Any CPU
		{3350E8E7-48EA-44B1-8C7A-4B3C417BC8F8}.Release|Any CPU.Build.0 = Release|Any CPU
		{3350E8E7-48EA-44B1-8C7A-4B3C417BC8F8}.Release|x64.ActiveCfg = Release|Any CPU
		{3350E8E7-48EA-44B1-8C7A-4B3C417BC8F8}.Release|x64.Build.0 = Release|Any CPU
		{3350E8E7-48EA-44B1-8C7A-4B3C417BC8F8}.Release|x86.ActiveCfg = Release|Any CPU
		{3350E8E7-48EA-44B1-8C7A-4B3C417BC8F8}.Release|x86.Build.0 = Release|Any CPU
		{E5CF4278-930E-4C59-A66F-DC29BA66CD1F}.Debug|Any CPU.ActiveCfg = Debug|Any CPU
		{E5CF4278-930E-4C59-A66F-DC29BA66CD1F}.Debug|Any CPU.Build.0 = Debug|Any CPU
		{E5CF4278-930E-4C59-A66F-DC29BA66CD1F}.Debug|x64.ActiveCfg = Debug|Any CPU
		{E5CF4278-930E-4C59-A66F-DC29BA66CD1F}.Debug|x64.Build.0 = Debug|Any CPU
		{E5CF4278-930E-4C59-A66F-DC29BA66CD1F}.Debug|x86.ActiveCfg = Debug|Any CPU
		{E5CF4278-930E-4C59-A66F-DC29BA66CD1F}.Debug|x86.Build.0 = Debug|Any CPU
		{E5CF4278-930E-4C59-A66F-DC29BA66CD1F}.Release|Any CPU.ActiveCfg = Release|Any CPU
		{E5CF4278-930E-4C59-A66F-DC29BA66CD1F}.Release|Any CPU.Build.0 = Release|Any CPU
		{E5CF4278-930E-4C59-A66F-DC29BA66CD1F}.Release|x64.ActiveCfg = Release|Any CPU
		{E5CF4278-930E-4C59-A66F-DC29BA66CD1F}.Release|x64.Build.0 = Release|Any CPU
		{E5CF4278-930E-4C59-A66F-DC29BA66CD1F}.Release|x86.ActiveCfg = Release|Any CPU
		{E5CF4278-930E-4C59-A66F-DC29BA66CD1F}.Release|x86.Build.0 = Release|Any CPU
		{47FC1EC6-E933-428E-AAD4-40364FA5A5A4}.Debug|Any CPU.ActiveCfg = Debug|Any CPU
		{47FC1EC6-E933-428E-AAD4-40364FA5A5A4}.Debug|Any CPU.Build.0 = Debug|Any CPU
		{47FC1EC6-E933-428E-AAD4-40364FA5A5A4}.Debug|x64.ActiveCfg = Debug|Any CPU
		{47FC1EC6-E933-428E-AAD4-40364FA5A5A4}.Debug|x64.Build.0 = Debug|Any CPU
		{47FC1EC6-E933-428E-AAD4-40364FA5A5A4}.Debug|x86.ActiveCfg = Debug|Any CPU
		{47FC1EC6-E933-428E-AAD4-40364FA5A5A4}.Debug|x86.Build.0 = Debug|Any CPU
		{47FC1EC6-E933-428E-AAD4-40364FA5A5A4}.Release|Any CPU.ActiveCfg = Release|Any CPU
		{47FC1EC6-E933-428E-AAD4-40364FA5A5A4}.Release|Any CPU.Build.0 = Release|Any CPU
		{47FC1EC6-E933-428E-AAD4-40364FA5A5A4}.Release|x64.ActiveCfg = Release|Any CPU
		{47FC1EC6-E933-428E-AAD4-40364FA5A5A4}.Release|x64.Build.0 = Release|Any CPU
		{47FC1EC6-E933-428E-AAD4-40364FA5A5A4}.Release|x86.ActiveCfg = Release|Any CPU
		{47FC1EC6-E933-428E-AAD4-40364FA5A5A4}.Release|x86.Build.0 = Release|Any CPU
		{102C604F-3E83-4900-8C0A-615B248C5168}.Debug|Any CPU.ActiveCfg = Debug|Any CPU
		{102C604F-3E83-4900-8C0A-615B248C5168}.Debug|Any CPU.Build.0 = Debug|Any CPU
		{102C604F-3E83-4900-8C0A-615B248C5168}.Debug|x64.ActiveCfg = Debug|Any CPU
		{102C604F-3E83-4900-8C0A-615B248C5168}.Debug|x64.Build.0 = Debug|Any CPU
		{102C604F-3E83-4900-8C0A-615B248C5168}.Debug|x86.ActiveCfg = Debug|Any CPU
		{102C604F-3E83-4900-8C0A-615B248C5168}.Debug|x86.Build.0 = Debug|Any CPU
		{102C604F-3E83-4900-8C0A-615B248C5168}.Release|Any CPU.ActiveCfg = Release|Any CPU
		{102C604F-3E83-4900-8C0A-615B248C5168}.Release|Any CPU.Build.0 = Release|Any CPU
		{102C604F-3E83-4900-8C0A-615B248C5168}.Release|x64.ActiveCfg = Release|Any CPU
		{102C604F-3E83-4900-8C0A-615B248C5168}.Release|x64.Build.0 = Release|Any CPU
		{102C604F-3E83-4900-8C0A-615B248C5168}.Release|x86.ActiveCfg = Release|Any CPU
		{102C604F-3E83-4900-8C0A-615B248C5168}.Release|x86.Build.0 = Release|Any CPU
		{A93202C6-4658-4A8B-B950-E870FE2CC8DC}.Debug|Any CPU.ActiveCfg = Debug|Any CPU
		{A93202C6-4658-4A8B-B950-E870FE2CC8DC}.Debug|Any CPU.Build.0 = Debug|Any CPU
		{A93202C6-4658-4A8B-B950-E870FE2CC8DC}.Debug|x64.ActiveCfg = Debug|Any CPU
		{A93202C6-4658-4A8B-B950-E870FE2CC8DC}.Debug|x64.Build.0 = Debug|Any CPU
		{A93202C6-4658-4A8B-B950-E870FE2CC8DC}.Debug|x86.ActiveCfg = Debug|Any CPU
		{A93202C6-4658-4A8B-B950-E870FE2CC8DC}.Debug|x86.Build.0 = Debug|Any CPU
		{A93202C6-4658-4A8B-B950-E870FE2CC8DC}.Release|Any CPU.ActiveCfg = Release|Any CPU
		{A93202C6-4658-4A8B-B950-E870FE2CC8DC}.Release|Any CPU.Build.0 = Release|Any CPU
		{A93202C6-4658-4A8B-B950-E870FE2CC8DC}.Release|x64.ActiveCfg = Release|Any CPU
		{A93202C6-4658-4A8B-B950-E870FE2CC8DC}.Release|x64.Build.0 = Release|Any CPU
		{A93202C6-4658-4A8B-B950-E870FE2CC8DC}.Release|x86.ActiveCfg = Release|Any CPU
		{A93202C6-4658-4A8B-B950-E870FE2CC8DC}.Release|x86.Build.0 = Release|Any CPU
	EndGlobalSection
EndGlobal
