
Microsoft Visual Studio Solution File, Format Version 12.00
# Visual Studio Version 17
VisualStudioVersion = 17.0.31903.59
MinimumVisualStudioVersion = 10.0.40219.1
Project("{FAE04EC0-301F-11D3-BF4B-00C04F79EFBC}") = "Api", "Api\Api.csproj", "{DE718B68-E4AA-4FB0-8582-7F3B42C91785}"
EndProject
Project("{FAE04EC0-301F-11D3-BF4B-00C04F79EFBC}") = "Application", "Application\Application.csproj", "{5CD0499C-E0A8-4D4A-9281-2FF87A39A037}"
EndProject
Project("{FAE04EC0-301F-11D3-BF4B-00C04F79EFBC}") = "Domain", "Domain\Domain.csproj", "{27D2ECCC-7A12-4BE1-9CBD-B2C21438FDF1}"
EndProject
Project("{FAE04EC0-301F-11D3-BF4B-00C04F79EFBC}") = "Pagination", "Pagination\Pagination.csproj", "{74A1B214-70F4-4456-B217-0358B964E257}"
EndProject
Project("{FAE04EC0-301F-11D3-BF4B-00C04F79EFBC}") = "Repository", "Repository\Repository.csproj", "{45A5E8C9-4AA7-4507-9F12-A84F4430A99C}"
EndProject
Project("{FAE04EC0-301F-11D3-BF4B-00C04F79EFBC}") = "UnitOfWork", "UnitOfWork\UnitOfWork.csproj", "{B073B40B-3914-480E-98DE-76B84B14CE48}"
EndProject
Global
	GlobalSection(SolutionConfigurationPlatforms) = preSolution
		Debug|Any CPU = Debug|Any CPU
		Release|Any CPU = Release|Any CPU
	EndGlobalSection
	GlobalSection(SolutionProperties) = preSolution
		HideSolutionNode = FALSE
	EndGlobalSection
	GlobalSection(ProjectConfigurationPlatforms) = postSolution
		{DE718B68-E4AA-4FB0-8582-7F3B42C91785}.Debug|Any CPU.ActiveCfg = Debug|Any CPU
		{DE718B68-E4AA-4FB0-8582-7F3B42C91785}.Debug|Any CPU.Build.0 = Debug|Any CPU
		{DE718B68-E4AA-4FB0-8582-7F3B42C91785}.Release|Any CPU.ActiveCfg = Release|Any CPU
		{DE718B68-E4AA-4FB0-8582-7F3B42C91785}.Release|Any CPU.Build.0 = Release|Any CPU
		{5CD0499C-E0A8-4D4A-9281-2FF87A39A037}.Debug|Any CPU.ActiveCfg = Debug|Any CPU
		{5CD0499C-E0A8-4D4A-9281-2FF87A39A037}.Debug|Any CPU.Build.0 = Debug|Any CPU
		{5CD0499C-E0A8-4D4A-9281-2FF87A39A037}.Release|Any CPU.ActiveCfg = Release|Any CPU
		{5CD0499C-E0A8-4D4A-9281-2FF87A39A037}.Release|Any CPU.Build.0 = Release|Any CPU
		{27D2ECCC-7A12-4BE1-9CBD-B2C21438FDF1}.Debug|Any CPU.ActiveCfg = Debug|Any CPU
		{27D2ECCC-7A12-4BE1-9CBD-B2C21438FDF1}.Debug|Any CPU.Build.0 = Debug|Any CPU
		{27D2ECCC-7A12-4BE1-9CBD-B2C21438FDF1}.Release|Any CPU.ActiveCfg = Release|Any CPU
		{27D2ECCC-7A12-4BE1-9CBD-B2C21438FDF1}.Release|Any CPU.Build.0 = Release|Any CPU
		{74A1B214-70F4-4456-B217-0358B964E257}.Debug|Any CPU.ActiveCfg = Debug|Any CPU
		{74A1B214-70F4-4456-B217-0358B964E257}.Debug|Any CPU.Build.0 = Debug|Any CPU
		{74A1B214-70F4-4456-B217-0358B964E257}.Release|Any CPU.ActiveCfg = Release|Any CPU
		{74A1B214-70F4-4456-B217-0358B964E257}.Release|Any CPU.Build.0 = Release|Any CPU
		{45A5E8C9-4AA7-4507-9F12-A84F4430A99C}.Debug|Any CPU.ActiveCfg = Debug|Any CPU
		{45A5E8C9-4AA7-4507-9F12-A84F4430A99C}.Debug|Any CPU.Build.0 = Debug|Any CPU
		{45A5E8C9-4AA7-4507-9F12-A84F4430A99C}.Release|Any CPU.ActiveCfg = Release|Any CPU
		{45A5E8C9-4AA7-4507-9F12-A84F4430A99C}.Release|Any CPU.Build.0 = Release|Any CPU
		{B073B40B-3914-480E-98DE-76B84B14CE48}.Debug|Any CPU.ActiveCfg = Debug|Any CPU
		{B073B40B-3914-480E-98DE-76B84B14CE48}.Debug|Any CPU.Build.0 = Debug|Any CPU
		{B073B40B-3914-480E-98DE-76B84B14CE48}.Release|Any CPU.ActiveCfg = Release|Any CPU
		{B073B40B-3914-480E-98DE-76B84B14CE48}.Release|Any CPU.Build.0 = Release|Any CPU
	EndGlobalSection
EndGlobal
