Microsoft Visual Studio Solution File, Format Version 12.00
# Visual Studio Version 17
VisualStudioVersion = 17.5.2.0
MinimumVisualStudioVersion = 10.0.40219.1
Project("{FAE04EC0-301F-11D3-BF4B-00C04F79EFBC}") = "Pagination", "Pagination.csproj", "{30873E32-B7FE-5405-FEA8-E2557162A461}"
EndProject
Global
	GlobalSection(SolutionConfigurationPlatforms) = preSolution
		Debug|Any CPU = Debug|Any CPU
		Release|Any CPU = Release|Any CPU
	EndGlobalSection
	GlobalSection(ProjectConfigurationPlatforms) = postSolution
		{30873E32-B7FE-5405-FEA8-E2557162A461}.Debug|Any CPU.ActiveCfg = Debug|Any CPU
		{30873E32-B7FE-5405-FEA8-E2557162A461}.Debug|Any CPU.Build.0 = Debug|Any CPU
		{30873E32-B7FE-5405-FEA8-E2557162A461}.Release|Any CPU.ActiveCfg = Release|Any CPU
		{30873E32-B7FE-5405-FEA8-E2557162A461}.Release|Any CPU.Build.0 = Release|Any CPU
	EndGlobalSection
	GlobalSection(SolutionProperties) = preSolution
		HideSolutionNode = FALSE
	EndGlobalSection
	GlobalSection(ExtensibilityGlobals) = postSolution
		SolutionGuid = {5DE7F9CF-2D83-4E89-9074-6422F4E04CA2}
	EndGlobalSection
EndGlobal
